
Microsoft Visual Studio Solution File, Format Version 12.00
# Visual Studio Version 16
VisualStudioVersion = 16.0.31105.61
MinimumVisualStudioVersion = 10.0.40219.1
Project("{FAE04EC0-301F-11D3-BF4B-00C04F79EFBC}") = "AppServiceHtml2PdfCore", "AppServiceHtml2PdfCore\AppServiceHtml2PdfCore.csproj", "{3020FB01-C9CC-4AD8-8429-6319237C419B}"
EndProject
Global
	GlobalSection(SolutionConfigurationPlatforms) = preSolution
		Debug|Any CPU = Debug|Any CPU
		Release|Any CPU = Release|Any CPU
	EndGlobalSection
	GlobalSection(ProjectConfigurationPlatforms) = postSolution
		{3020FB01-C9CC-4AD8-8429-6319237C419B}.Debug|Any CPU.ActiveCfg = Debug|Any CPU
		{3020FB01-C9CC-4AD8-8429-6319237C419B}.Debug|Any CPU.Build.0 = Debug|Any CPU
		{3020FB01-C9CC-4AD8-8429-6319237C419B}.Release|Any CPU.ActiveCfg = Release|Any CPU
		{3020FB01-C9CC-4AD8-8429-6319237C419B}.Release|Any CPU.Build.0 = Release|Any CPU
	EndGlobalSection
	GlobalSection(SolutionProperties) = preSolution
		HideSolutionNode = FALSE
	EndGlobalSection
	GlobalSection(ExtensibilityGlobals) = postSolution
		SolutionGuid = {D572757F-6AA6-4DE6-B011-115010D428F4}
	EndGlobalSection
EndGlobal
